
Microsoft Visual Studio Solution File, Format Version 12.00
# Visual Studio 14
VisualStudioVersion = 14.0.25420.1
MinimumVisualStudioVersion = 10.0.40219.1
Project("{8BC9CEB8-8B4A-11D0-8D11-00A0C91BC942}") = "Core", "Code\Core\Core.vcxproj", "{F3FC9249-17E9-4FC4-A514-3CF8FC276950}"
	GlobalSection(PerforceSourceControlProviderSolutionProperties) = preSolution
		SolutionIsControlled = True
	EndGlobalSection
EndProject
Project("{8BC9CEB8-8B4A-11D0-8D11-00A0C91BC942}") = "Runtime", "Code\Runtime\Runtime.vcxproj", "{2DBBA66D-F5FA-46D4-AB99-8704CE462948}"
	GlobalSection(PerforceSourceControlProviderSolutionProperties) = preSolution
		SolutionIsControlled = True
	EndGlobalSection
	ProjectSection(ProjectDependencies) = postProject
		{F3FC9249-17E9-4FC4-A514-3CF8FC276950} = {F3FC9249-17E9-4FC4-A514-3CF8FC276950}
	EndProjectSection
EndProject
Project("{8BC9CEB8-8B4A-11D0-8D11-00A0C91BC942}") = "AbstractEngine", "Code\AbstractEngine\AbstractEngine.vcxproj", "{6AD81C44-040D-458D-9B94-31D47377A6C7}"
	GlobalSection(PerforceSourceControlProviderSolutionProperties) = preSolution
		SolutionIsControlled = True
	EndGlobalSection
	ProjectSection(ProjectDependencies) = postProject
		{F3FC9249-17E9-4FC4-A514-3CF8FC276950} = {F3FC9249-17E9-4FC4-A514-3CF8FC276950}
		{2DBBA66D-F5FA-46D4-AB99-8704CE462948} = {2DBBA66D-F5FA-46D4-AB99-8704CE462948}
	EndProjectSection
EndProject
Project("{8BC9CEB8-8B4A-11D0-8D11-00A0C91BC942}") = "Service", "Code\Service\Service.vcxproj", "{7E076562-33DC-432C-92ED-84E189D53948}"
	GlobalSection(PerforceSourceControlProviderSolutionProperties) = preSolution
		SolutionIsControlled = True
	EndGlobalSection
	ProjectSection(ProjectDependencies) = postProject
		{6AD81C44-040D-458D-9B94-31D47377A6C7} = {6AD81C44-040D-458D-9B94-31D47377A6C7}
		{F3FC9249-17E9-4FC4-A514-3CF8FC276950} = {F3FC9249-17E9-4FC4-A514-3CF8FC276950}
		{2DBBA66D-F5FA-46D4-AB99-8704CE462948} = {2DBBA66D-F5FA-46D4-AB99-8704CE462948}
	EndProjectSection
EndProject
Project("{8BC9CEB8-8B4A-11D0-8D11-00A0C91BC942}") = "Engine", "Code\Engine\Engine.vcxproj", "{F196A472-BC12-43AD-AAAE-1DC7AA4AE5B7}"
	GlobalSection(PerforceSourceControlProviderSolutionProperties) = preSolution
		SolutionIsControlled = True
	EndGlobalSection
	ProjectSection(ProjectDependencies) = postProject
		{6AD81C44-040D-458D-9B94-31D47377A6C7} = {6AD81C44-040D-458D-9B94-31D47377A6C7}
		{F3FC9249-17E9-4FC4-A514-3CF8FC276950} = {F3FC9249-17E9-4FC4-A514-3CF8FC276950}
		{7E076562-33DC-432C-92ED-84E189D53948} = {7E076562-33DC-432C-92ED-84E189D53948}
		{2DBBA66D-F5FA-46D4-AB99-8704CE462948} = {2DBBA66D-F5FA-46D4-AB99-8704CE462948}
	EndProjectSection
EndProject
Project("{8BC9CEB8-8B4A-11D0-8D11-00A0C91BC942}") = "Game", "Code\Game\Game.vcxproj", "{FCD33A39-9982-4E52-AAF2-06DBB5185320}"
	GlobalSection(PerforceSourceControlProviderSolutionProperties) = preSolution
		SolutionIsControlled = True
	EndGlobalSection
	ProjectSection(ProjectDependencies) = postProject
		{6AD81C44-040D-458D-9B94-31D47377A6C7} = {6AD81C44-040D-458D-9B94-31D47377A6C7}
		{F3FC9249-17E9-4FC4-A514-3CF8FC276950} = {F3FC9249-17E9-4FC4-A514-3CF8FC276950}
		{7E076562-33DC-432C-92ED-84E189D53948} = {7E076562-33DC-432C-92ED-84E189D53948}
		{2DBBA66D-F5FA-46D4-AB99-8704CE462948} = {2DBBA66D-F5FA-46D4-AB99-8704CE462948}
		{F196A472-BC12-43AD-AAAE-1DC7AA4AE5B7} = {F196A472-BC12-43AD-AAAE-1DC7AA4AE5B7}
	EndProjectSection
EndProject
Global
	GlobalSection(PerforceSourceControlProviderSolutionProperties) = preSolution
		SolutionIsControlled = True
	EndGlobalSection
	GlobalSection(SolutionConfigurationPlatforms) = preSolution
		Debug|x64 = Debug|x64
		Debug|x86 = Debug|x86
		Release|x64 = Release|x64
		Release|x86 = Release|x86
	EndGlobalSection
	GlobalSection(ProjectConfigurationPlatforms) = postSolution
		{F3FC9249-17E9-4FC4-A514-3CF8FC276950}.Debug|x64.ActiveCfg = Debug|x64
		{F3FC9249-17E9-4FC4-A514-3CF8FC276950}.Debug|x64.Build.0 = Debug|x64
		{F3FC9249-17E9-4FC4-A514-3CF8FC276950}.Debug|x86.ActiveCfg = Debug|Win32
		{F3FC9249-17E9-4FC4-A514-3CF8FC276950}.Debug|x86.Build.0 = Debug|Win32
		{F3FC9249-17E9-4FC4-A514-3CF8FC276950}.Release|x64.ActiveCfg = Release|x64
		{F3FC9249-17E9-4FC4-A514-3CF8FC276950}.Release|x64.Build.0 = Release|x64
		{F3FC9249-17E9-4FC4-A514-3CF8FC276950}.Release|x86.ActiveCfg = Release|Win32
		{F3FC9249-17E9-4FC4-A514-3CF8FC276950}.Release|x86.Build.0 = Release|Win32
		{2DBBA66D-F5FA-46D4-AB99-8704CE462948}.Debug|x64.ActiveCfg = Debug|x64
		{2DBBA66D-F5FA-46D4-AB99-8704CE462948}.Debug|x64.Build.0 = Debug|x64
		{2DBBA66D-F5FA-46D4-AB99-8704CE462948}.Debug|x86.ActiveCfg = Debug|Win32
		{2DBBA66D-F5FA-46D4-AB99-8704CE462948}.Debug|x86.Build.0 = Debug|Win32
		{2DBBA66D-F5FA-46D4-AB99-8704CE462948}.Release|x64.ActiveCfg = Release|x64
		{2DBBA66D-F5FA-46D4-AB99-8704CE462948}.Release|x64.Build.0 = Release|x64
		{2DBBA66D-F5FA-46D4-AB99-8704CE462948}.Release|x86.ActiveCfg = Release|Win32
		{2DBBA66D-F5FA-46D4-AB99-8704CE462948}.Release|x86.Build.0 = Release|Win32
		{6AD81C44-040D-458D-9B94-31D47377A6C7}.Debug|x64.ActiveCfg = Debug|x64
		{6AD81C44-040D-458D-9B94-31D47377A6C7}.Debug|x64.Build.0 = Debug|x64
		{6AD81C44-040D-458D-9B94-31D47377A6C7}.Debug|x86.ActiveCfg = Debug|Win32
		{6AD81C44-040D-458D-9B94-31D47377A6C7}.Debug|x86.Build.0 = Debug|Win32
		{6AD81C44-040D-458D-9B94-31D47377A6C7}.Release|x64.ActiveCfg = Release|x64
		{6AD81C44-040D-458D-9B94-31D47377A6C7}.Release|x64.Build.0 = Release|x64
		{6AD81C44-040D-458D-9B94-31D47377A6C7}.Release|x86.ActiveCfg = Release|Win32
		{6AD81C44-040D-458D-9B94-31D47377A6C7}.Release|x86.Build.0 = Release|Win32
		{7E076562-33DC-432C-92ED-84E189D53948}.Debug|x64.ActiveCfg = Debug|x64
		{7E076562-33DC-432C-92ED-84E189D53948}.Debug|x64.Build.0 = Debug|x64
		{7E076562-33DC-432C-92ED-84E189D53948}.Debug|x86.ActiveCfg = Debug|Win32
		{7E076562-33DC-432C-92ED-84E189D53948}.Debug|x86.Build.0 = Debug|Win32
		{7E076562-33DC-432C-92ED-84E189D53948}.Release|x64.ActiveCfg = Release|x64
		{7E076562-33DC-432C-92ED-84E189D53948}.Release|x64.Build.0 = Release|x64
		{7E076562-33DC-432C-92ED-84E189D53948}.Release|x86.ActiveCfg = Release|Win32
		{7E076562-33DC-432C-92ED-84E189D53948}.Release|x86.Build.0 = Release|Win32
		{F196A472-BC12-43AD-AAAE-1DC7AA4AE5B7}.Debug|x64.ActiveCfg = Debug|x64
		{F196A472-BC12-43AD-AAAE-1DC7AA4AE5B7}.Debug|x64.Build.0 = Debug|x64
		{F196A472-BC12-43AD-AAAE-1DC7AA4AE5B7}.Debug|x86.ActiveCfg = Debug|Win32
		{F196A472-BC12-43AD-AAAE-1DC7AA4AE5B7}.Debug|x86.Build.0 = Debug|Win32
		{F196A472-BC12-43AD-AAAE-1DC7AA4AE5B7}.Release|x64.ActiveCfg = Release|x64
		{F196A472-BC12-43AD-AAAE-1DC7AA4AE5B7}.Release|x64.Build.0 = Release|x64
		{F196A472-BC12-43AD-AAAE-1DC7AA4AE5B7}.Release|x86.ActiveCfg = Release|Win32
		{F196A472-BC12-43AD-AAAE-1DC7AA4AE5B7}.Release|x86.Build.0 = Release|Win32
		{FCD33A39-9982-4E52-AAF2-06DBB5185320}.Debug|x64.ActiveCfg = Debug|x64
		{FCD33A39-9982-4E52-AAF2-06DBB5185320}.Debug|x64.Build.0 = Debug|x64
		{FCD33A39-9982-4E52-AAF2-06DBB5185320}.Debug|x86.ActiveCfg = Debug|Win32
		{FCD33A39-9982-4E52-AAF2-06DBB5185320}.Debug|x86.Build.0 = Debug|Win32
		{FCD33A39-9982-4E52-AAF2-06DBB5185320}.Release|x64.ActiveCfg = Release|x64
		{FCD33A39-9982-4E52-AAF2-06DBB5185320}.Release|x64.Build.0 = Release|x64
		{FCD33A39-9982-4E52-AAF2-06DBB5185320}.Release|x86.ActiveCfg = Release|Win32
		{FCD33A39-9982-4E52-AAF2-06DBB5185320}.Release|x86.Build.0 = Release|Win32
	EndGlobalSection
	GlobalSection(SolutionProperties) = preSolution
		HideSolutionNode = FALSE
	EndGlobalSection
EndGlobal
